// !$*UTF8*$!
{
	archiveVersion = 1;
	classes = {
	};
	objectVersion = 52;
	objects = {

/* Begin PBXBuildFile section */
		3944328A248939F000FF0217 /* AppDelegate.swift in Sources */ = {isa = PBXBuildFile; fileRef = 39443289248939F000FF0217 /* AppDelegate.swift */; };
		3944328C248939F000FF0217 /* SceneDelegate.swift in Sources */ = {isa = PBXBuildFile; fileRef = 3944328B248939F000FF0217 /* SceneDelegate.swift */; };
		3944328E248939F000FF0217 /* ViewController.swift in Sources */ = {isa = PBXBuildFile; fileRef = 3944328D248939F000FF0217 /* ViewController.swift */; };
		39443293248939F500FF0217 /* Assets.xcassets in Resources */ = {isa = PBXBuildFile; fileRef = 39443292248939F500FF0217 /* Assets.xcassets */; };
		39443296248939F500FF0217 /* LaunchScreen.storyboard in Resources */ = {isa = PBXBuildFile; fileRef = 39443294248939F500FF0217 /* LaunchScreen.storyboard */; };
		394E962C248E3F6E009F640E /* OnBoarding.storyboard in Resources */ = {isa = PBXBuildFile; fileRef = 394E962B248E3F6E009F640E /* OnBoarding.storyboard */; };
		394E962F248E7F25009F640E /* MyHealth.storyboard in Resources */ = {isa = PBXBuildFile; fileRef = 394E962E248E7F24009F640E /* MyHealth.storyboard */; };
		399CA87D24912B96000B6BF4 /* MyHealthReported.storyboard in Resources */ = {isa = PBXBuildFile; fileRef = 399CA87C24912B96000B6BF4 /* MyHealthReported.storyboard */; };
		399CA88124913B0E000B6BF4 /* MyHealthReportedViewController.swift in Sources */ = {isa = PBXBuildFile; fileRef = 399CA88024913B0E000B6BF4 /* MyHealthReportedViewController.swift */; };
		6DA18CBB2491055D00BE8AAB /* BackgroundView.swift in Sources */ = {isa = PBXBuildFile; fileRef = 6DA18CBA2491055D00BE8AAB /* BackgroundView.swift */; };
		6DA18CC024916B3300BE8AAB /* Exposition.storyboard in Resources */ = {isa = PBXBuildFile; fileRef = 6DA18CBF24916B3300BE8AAB /* Exposition.storyboard */; };
		6DA18CC224916B4100BE8AAB /* ExpositionViewController.swift in Sources */ = {isa = PBXBuildFile; fileRef = 6DA18CC124916B4100BE8AAB /* ExpositionViewController.swift */; };
		6DA18CC42491733900BE8AAB /* RadarStatusUseCase.swift in Sources */ = {isa = PBXBuildFile; fileRef = 6DA18CC32491733900BE8AAB /* RadarStatusUseCase.swift */; };
		6DA18CC62492044E00BE8AAB /* Alert.swift in Sources */ = {isa = PBXBuildFile; fileRef = 6DA18CC52492044E00BE8AAB /* Alert.swift */; };
		6DF6EC99248E59C6007EAA40 /* Terms.storyboard in Resources */ = {isa = PBXBuildFile; fileRef = 6DF6EC98248E59C6007EAA40 /* Terms.storyboard */; };
		6DF6EC9B248E5C77007EAA40 /* TermsViewController.swift in Sources */ = {isa = PBXBuildFile; fileRef = 6DF6EC9A248E5C77007EAA40 /* TermsViewController.swift */; };
		6DF6ECA1248E6191007EAA40 /* RunningViewController.xib in Resources */ = {isa = PBXBuildFile; fileRef = 6DF6ECA0248E6191007EAA40 /* RunningViewController.xib */; };
		6DF6ECA3248E61E0007EAA40 /* PrivacyViewController.xib in Resources */ = {isa = PBXBuildFile; fileRef = 6DF6ECA2248E61E0007EAA40 /* PrivacyViewController.xib */; };
		6DF6ECA8248E7453007EAA40 /* Swinject in Frameworks */ = {isa = PBXBuildFile; productRef = 6DF6ECA7248E7453007EAA40 /* Swinject */; };
		6DF6ECAA248E7621007EAA40 /* AppRouter.swift in Sources */ = {isa = PBXBuildFile; fileRef = 6DF6ECA9248E7621007EAA40 /* AppRouter.swift */; };
		6DF6ECAC248E79C1007EAA40 /* Injection.swift in Sources */ = {isa = PBXBuildFile; fileRef = 6DF6ECAB248E79C1007EAA40 /* Injection.swift */; };
		6DF6ECB0248E88E6007EAA40 /* OnBoardingCompletedUseCase.swift in Sources */ = {isa = PBXBuildFile; fileRef = 6DF6ECAF248E88E6007EAA40 /* OnBoardingCompletedUseCase.swift */; };
		6DF6ECB3248EAA65007EAA40 /* Pageboy in Frameworks */ = {isa = PBXBuildFile; productRef = 6DF6ECB2248EAA65007EAA40 /* Pageboy */; };
		6DF6ECB5248EAC7F007EAA40 /* RunningViewController.swift in Sources */ = {isa = PBXBuildFile; fileRef = 6DF6ECB4248EAC7F007EAA40 /* RunningViewController.swift */; };
		6DF6ECB7248EACD7007EAA40 /* PrivacyViewController.swift in Sources */ = {isa = PBXBuildFile; fileRef = 6DF6ECB6248EACD7007EAA40 /* PrivacyViewController.swift */; };
		6DF6ECBA248F5E56007EAA40 /* ProximityViewController.swift in Sources */ = {isa = PBXBuildFile; fileRef = 6DF6ECB8248F5E56007EAA40 /* ProximityViewController.swift */; };
		6DF6ECBB248F5E56007EAA40 /* ProximityViewController.xib in Resources */ = {isa = PBXBuildFile; fileRef = 6DF6ECB9248F5E56007EAA40 /* ProximityViewController.xib */; };
		6DF6ECBE248F604D007EAA40 /* RecomendationsViewController.swift in Sources */ = {isa = PBXBuildFile; fileRef = 6DF6ECBC248F604D007EAA40 /* RecomendationsViewController.swift */; };
		6DF6ECBF248F604D007EAA40 /* RecomendationsViewController.xib in Resources */ = {isa = PBXBuildFile; fileRef = 6DF6ECBD248F604D007EAA40 /* RecomendationsViewController.xib */; };
		6DF6ECC2248F68DF007EAA40 /* Home.storyboard in Resources */ = {isa = PBXBuildFile; fileRef = 6DF6ECC1248F68DF007EAA40 /* Home.storyboard */; };
		6DF6ECC4248F691E007EAA40 /* HomeViewController.swift in Sources */ = {isa = PBXBuildFile; fileRef = 6DF6ECC3248F691E007EAA40 /* HomeViewController.swift */; };
		6DF6ECC8248F70DF007EAA40 /* PreferencesRepository.swift in Sources */ = {isa = PBXBuildFile; fileRef = 6DF6ECC7248F70DF007EAA40 /* PreferencesRepository.swift */; };
		6DF6ECCA248F743B007EAA40 /* OnBoardingViewController.swift in Sources */ = {isa = PBXBuildFile; fileRef = 6DF6ECC9248F743B007EAA40 /* OnBoardingViewController.swift */; };
		6DF6ECCC248F9A71007EAA40 /* TabBarController.swift in Sources */ = {isa = PBXBuildFile; fileRef = 6DF6ECCB248F9A71007EAA40 /* TabBarController.swift */; };
		6DF6ECCF248FA032007EAA40 /* MyData.storyboard in Resources */ = {isa = PBXBuildFile; fileRef = 6DF6ECCE248FA032007EAA40 /* MyData.storyboard */; };
		6DF6ECD1248FA044007EAA40 /* MyDataViewController.swift in Sources */ = {isa = PBXBuildFile; fileRef = 6DF6ECD0248FA044007EAA40 /* MyDataViewController.swift */; };
		6DF6ECD4248FA0B3007EAA40 /* HelpLine.storyboard in Resources */ = {isa = PBXBuildFile; fileRef = 6DF6ECD3248FA0B3007EAA40 /* HelpLine.storyboard */; };
		6DF6ECD6248FA0D0007EAA40 /* HelpLineViewController.swift in Sources */ = {isa = PBXBuildFile; fileRef = 6DF6ECD5248FA0D0007EAA40 /* HelpLineViewController.swift */; };
		6DF6ECD8248FBEC2007EAA40 /* MyHealthViewController.swift in Sources */ = {isa = PBXBuildFile; fileRef = 6DF6ECD7248FBEC2007EAA40 /* MyHealthViewController.swift */; };
		6DF6ECDB248FD641007EAA40 /* ExpositionUseCase.swift in Sources */ = {isa = PBXBuildFile; fileRef = 6DF6ECDA248FD641007EAA40 /* ExpositionUseCase.swift */; };
		6DF6ECDE248FD751007EAA40 /* RxSwift in Frameworks */ = {isa = PBXBuildFile; productRef = 6DF6ECDD248FD751007EAA40 /* RxSwift */; };
		6DF6ECE0248FD772007EAA40 /* ExpositionInfo.swift in Sources */ = {isa = PBXBuildFile; fileRef = 6DF6ECDF248FD772007EAA40 /* ExpositionInfo.swift */; };
		6DF6ECE22490B83E007EAA40 /* BluetoothUseCase.swift in Sources */ = {isa = PBXBuildFile; fileRef = 6DF6ECE12490B83E007EAA40 /* BluetoothUseCase.swift */; };
		6DF6ECE52490C1F5007EAA40 /* BluetoothHandler.swift in Sources */ = {isa = PBXBuildFile; fileRef = 6DF6ECE42490C1F5007EAA40 /* BluetoothHandler.swift */; };
/* End PBXBuildFile section */

/* Begin PBXFileReference section */
		39443286248939F000FF0217 /* Covid Pilot.app */ = {isa = PBXFileReference; explicitFileType = wrapper.application; includeInIndex = 0; path = "Covid Pilot.app"; sourceTree = BUILT_PRODUCTS_DIR; };
		39443289248939F000FF0217 /* AppDelegate.swift */ = {isa = PBXFileReference; lastKnownFileType = sourcecode.swift; path = AppDelegate.swift; sourceTree = "<group>"; };
		3944328B248939F000FF0217 /* SceneDelegate.swift */ = {isa = PBXFileReference; lastKnownFileType = sourcecode.swift; path = SceneDelegate.swift; sourceTree = "<group>"; };
		3944328D248939F000FF0217 /* ViewController.swift */ = {isa = PBXFileReference; lastKnownFileType = sourcecode.swift; path = ViewController.swift; sourceTree = "<group>"; };
		39443292248939F500FF0217 /* Assets.xcassets */ = {isa = PBXFileReference; lastKnownFileType = folder.assetcatalog; path = Assets.xcassets; sourceTree = "<group>"; };
		39443295248939F500FF0217 /* Base */ = {isa = PBXFileReference; lastKnownFileType = file.storyboard; name = Base; path = Base.lproj/LaunchScreen.storyboard; sourceTree = "<group>"; };
		39443297248939F500FF0217 /* Info.plist */ = {isa = PBXFileReference; lastKnownFileType = text.plist.xml; path = Info.plist; sourceTree = "<group>"; };
		394E9626248E38B7009F640E /* Muli-Italic-VariableFont_wght.ttf */ = {isa = PBXFileReference; lastKnownFileType = file; name = "Muli-Italic-VariableFont_wght.ttf"; path = "../../../../Fonts/Muli-Italic-VariableFont_wght.ttf"; sourceTree = "<group>"; };
		394E9627248E38B7009F640E /* Muli-VariableFont_wght.ttf */ = {isa = PBXFileReference; lastKnownFileType = file; name = "Muli-VariableFont_wght.ttf"; path = "../../../../Fonts/Muli-VariableFont_wght.ttf"; sourceTree = "<group>"; };
		394E962B248E3F6E009F640E /* OnBoarding.storyboard */ = {isa = PBXFileReference; lastKnownFileType = file.storyboard; path = OnBoarding.storyboard; sourceTree = "<group>"; };
		394E962E248E7F24009F640E /* MyHealth.storyboard */ = {isa = PBXFileReference; lastKnownFileType = file.storyboard; path = MyHealth.storyboard; sourceTree = "<group>"; };
		399CA87C24912B96000B6BF4 /* MyHealthReported.storyboard */ = {isa = PBXFileReference; lastKnownFileType = file.storyboard; path = MyHealthReported.storyboard; sourceTree = "<group>"; };
		399CA88024913B0E000B6BF4 /* MyHealthReportedViewController.swift */ = {isa = PBXFileReference; lastKnownFileType = sourcecode.swift; path = MyHealthReportedViewController.swift; sourceTree = "<group>"; };
		6DA18CBA2491055D00BE8AAB /* BackgroundView.swift */ = {isa = PBXFileReference; lastKnownFileType = sourcecode.swift; path = BackgroundView.swift; sourceTree = "<group>"; };
		6DA18CBF24916B3300BE8AAB /* Exposition.storyboard */ = {isa = PBXFileReference; lastKnownFileType = file.storyboard; path = Exposition.storyboard; sourceTree = "<group>"; };
		6DA18CC124916B4100BE8AAB /* ExpositionViewController.swift */ = {isa = PBXFileReference; lastKnownFileType = sourcecode.swift; path = ExpositionViewController.swift; sourceTree = "<group>"; };
		6DA18CC32491733900BE8AAB /* RadarStatusUseCase.swift */ = {isa = PBXFileReference; lastKnownFileType = sourcecode.swift; path = RadarStatusUseCase.swift; sourceTree = "<group>"; };
		6DA18CC52492044E00BE8AAB /* Alert.swift */ = {isa = PBXFileReference; lastKnownFileType = sourcecode.swift; path = Alert.swift; sourceTree = "<group>"; };
		6DF6EC98248E59C6007EAA40 /* Terms.storyboard */ = {isa = PBXFileReference; lastKnownFileType = file.storyboard; path = Terms.storyboard; sourceTree = "<group>"; };
		6DF6EC9A248E5C77007EAA40 /* TermsViewController.swift */ = {isa = PBXFileReference; lastKnownFileType = sourcecode.swift; path = TermsViewController.swift; sourceTree = "<group>"; };
		6DF6ECA0248E6191007EAA40 /* RunningViewController.xib */ = {isa = PBXFileReference; lastKnownFileType = file.xib; path = RunningViewController.xib; sourceTree = "<group>"; };
		6DF6ECA2248E61E0007EAA40 /* PrivacyViewController.xib */ = {isa = PBXFileReference; lastKnownFileType = file.xib; path = PrivacyViewController.xib; sourceTree = "<group>"; };
		6DF6ECA9248E7621007EAA40 /* AppRouter.swift */ = {isa = PBXFileReference; lastKnownFileType = sourcecode.swift; path = AppRouter.swift; sourceTree = "<group>"; };
		6DF6ECAB248E79C1007EAA40 /* Injection.swift */ = {isa = PBXFileReference; lastKnownFileType = sourcecode.swift; path = Injection.swift; sourceTree = "<group>"; };
		6DF6ECAF248E88E6007EAA40 /* OnBoardingCompletedUseCase.swift */ = {isa = PBXFileReference; lastKnownFileType = sourcecode.swift; path = OnBoardingCompletedUseCase.swift; sourceTree = "<group>"; };
		6DF6ECB4248EAC7F007EAA40 /* RunningViewController.swift */ = {isa = PBXFileReference; lastKnownFileType = sourcecode.swift; path = RunningViewController.swift; sourceTree = "<group>"; };
		6DF6ECB6248EACD7007EAA40 /* PrivacyViewController.swift */ = {isa = PBXFileReference; lastKnownFileType = sourcecode.swift; path = PrivacyViewController.swift; sourceTree = "<group>"; };
		6DF6ECB8248F5E56007EAA40 /* ProximityViewController.swift */ = {isa = PBXFileReference; lastKnownFileType = sourcecode.swift; path = ProximityViewController.swift; sourceTree = "<group>"; };
		6DF6ECB9248F5E56007EAA40 /* ProximityViewController.xib */ = {isa = PBXFileReference; lastKnownFileType = file.xib; path = ProximityViewController.xib; sourceTree = "<group>"; };
		6DF6ECBC248F604D007EAA40 /* RecomendationsViewController.swift */ = {isa = PBXFileReference; lastKnownFileType = sourcecode.swift; path = RecomendationsViewController.swift; sourceTree = "<group>"; };
		6DF6ECBD248F604D007EAA40 /* RecomendationsViewController.xib */ = {isa = PBXFileReference; lastKnownFileType = file.xib; path = RecomendationsViewController.xib; sourceTree = "<group>"; };
		6DF6ECC1248F68DF007EAA40 /* Home.storyboard */ = {isa = PBXFileReference; lastKnownFileType = file.storyboard; path = Home.storyboard; sourceTree = "<group>"; };
		6DF6ECC3248F691E007EAA40 /* HomeViewController.swift */ = {isa = PBXFileReference; lastKnownFileType = sourcecode.swift; path = HomeViewController.swift; sourceTree = "<group>"; };
		6DF6ECC7248F70DF007EAA40 /* PreferencesRepository.swift */ = {isa = PBXFileReference; lastKnownFileType = sourcecode.swift; path = PreferencesRepository.swift; sourceTree = "<group>"; };
		6DF6ECC9248F743B007EAA40 /* OnBoardingViewController.swift */ = {isa = PBXFileReference; lastKnownFileType = sourcecode.swift; path = OnBoardingViewController.swift; sourceTree = "<group>"; };
		6DF6ECCB248F9A71007EAA40 /* TabBarController.swift */ = {isa = PBXFileReference; lastKnownFileType = sourcecode.swift; path = TabBarController.swift; sourceTree = "<group>"; };
		6DF6ECCE248FA032007EAA40 /* MyData.storyboard */ = {isa = PBXFileReference; lastKnownFileType = file.storyboard; path = MyData.storyboard; sourceTree = "<group>"; };
		6DF6ECD0248FA044007EAA40 /* MyDataViewController.swift */ = {isa = PBXFileReference; lastKnownFileType = sourcecode.swift; path = MyDataViewController.swift; sourceTree = "<group>"; };
		6DF6ECD3248FA0B3007EAA40 /* HelpLine.storyboard */ = {isa = PBXFileReference; lastKnownFileType = file.storyboard; path = HelpLine.storyboard; sourceTree = "<group>"; };
		6DF6ECD5248FA0D0007EAA40 /* HelpLineViewController.swift */ = {isa = PBXFileReference; lastKnownFileType = sourcecode.swift; path = HelpLineViewController.swift; sourceTree = "<group>"; };
		6DF6ECD7248FBEC2007EAA40 /* MyHealthViewController.swift */ = {isa = PBXFileReference; lastKnownFileType = sourcecode.swift; path = MyHealthViewController.swift; sourceTree = "<group>"; };
		6DF6ECDA248FD641007EAA40 /* ExpositionUseCase.swift */ = {isa = PBXFileReference; lastKnownFileType = sourcecode.swift; path = ExpositionUseCase.swift; sourceTree = "<group>"; };
		6DF6ECDF248FD772007EAA40 /* ExpositionInfo.swift */ = {isa = PBXFileReference; lastKnownFileType = sourcecode.swift; path = ExpositionInfo.swift; sourceTree = "<group>"; };
		6DF6ECE12490B83E007EAA40 /* BluetoothUseCase.swift */ = {isa = PBXFileReference; lastKnownFileType = sourcecode.swift; path = BluetoothUseCase.swift; sourceTree = "<group>"; };
		6DF6ECE42490C1F5007EAA40 /* BluetoothHandler.swift */ = {isa = PBXFileReference; lastKnownFileType = sourcecode.swift; path = BluetoothHandler.swift; sourceTree = "<group>"; };
/* End PBXFileReference section */

/* Begin PBXFrameworksBuildPhase section */
		39443283248939F000FF0217 /* Frameworks */ = {
			isa = PBXFrameworksBuildPhase;
			buildActionMask = 2147483647;
			files = (
				6DF6ECDE248FD751007EAA40 /* RxSwift in Frameworks */,
				6DF6ECB3248EAA65007EAA40 /* Pageboy in Frameworks */,
				6DF6ECA8248E7453007EAA40 /* Swinject in Frameworks */,
			);
			runOnlyForDeploymentPostprocessing = 0;
		};
/* End PBXFrameworksBuildPhase section */

/* Begin PBXGroup section */
		3944327D248939F000FF0217 = {
			isa = PBXGroup;
			children = (
				39443288248939F000FF0217 /* Covid Pilot */,
				39443287248939F000FF0217 /* Products */,
				A9352EC1087188BECA794383 /* Frameworks */,
			);
			sourceTree = "<group>";
		};
		39443287248939F000FF0217 /* Products */ = {
			isa = PBXGroup;
			children = (
				39443286248939F000FF0217 /* Covid Pilot.app */,
			);
			name = Products;
			sourceTree = "<group>";
		};
		39443288248939F000FF0217 /* Covid Pilot */ = {
			isa = PBXGroup;
			children = (
				6DA18CB92491053700BE8AAB /* Components */,
				6DF6ECC5248F6EBE007EAA40 /* Data */,
				6DF6ECAE248E88B9007EAA40 /* Domain */,
				394E9625248E3845009F640E /* Fonts */,
				3944329D248A7F7900FF0217 /* Application */,
				394E9628248E3E71009F640E /* Modules */,
				3944328D248939F000FF0217 /* ViewController.swift */,
				39443292248939F500FF0217 /* Assets.xcassets */,
				39443297248939F500FF0217 /* Info.plist */,
			);
			path = "Covid Pilot";
			sourceTree = "<group>";
		};
		3944329D248A7F7900FF0217 /* Application */ = {
			isa = PBXGroup;
			children = (
				3944328B248939F000FF0217 /* SceneDelegate.swift */,
				39443289248939F000FF0217 /* AppDelegate.swift */,
				6DF6ECA9248E7621007EAA40 /* AppRouter.swift */,
				6DF6ECAB248E79C1007EAA40 /* Injection.swift */,
			);
			path = Application;
			sourceTree = "<group>";
		};
		394E9625248E3845009F640E /* Fonts */ = {
			isa = PBXGroup;
			children = (
				394E9626248E38B7009F640E /* Muli-Italic-VariableFont_wght.ttf */,
				394E9627248E38B7009F640E /* Muli-VariableFont_wght.ttf */,
			);
			path = Fonts;
			sourceTree = "<group>";
		};
		394E9628248E3E71009F640E /* Modules */ = {
			isa = PBXGroup;
			children = (
				6DA18CBE24916B1800BE8AAB /* Exposition */,
				6DF6ECD2248FA091007EAA40 /* HelpLine */,
				6DF6ECCD248FA01E007EAA40 /* MyData */,
				6DF6ECC0248F68B2007EAA40 /* Home */,
				6DF6EC97248E5987007EAA40 /* Terms */,
				394E962D248E7DE3009F640E /* MyHealth */,
				394E962A248E3EEB009F640E /* OnBoarding */,
				394E9629248E3E93009F640E /* Splash */,
				6DF6ECCB248F9A71007EAA40 /* TabBarController.swift */,
			);
			path = Modules;
			sourceTree = "<group>";
		};
		394E9629248E3E93009F640E /* Splash */ = {
			isa = PBXGroup;
			children = (
				39443294248939F500FF0217 /* LaunchScreen.storyboard */,
			);
			path = Splash;
			sourceTree = "<group>";
		};
		394E962A248E3EEB009F640E /* OnBoarding */ = {
			isa = PBXGroup;
			children = (
				394E962B248E3F6E009F640E /* OnBoarding.storyboard */,
				6DF6ECC9248F743B007EAA40 /* OnBoardingViewController.swift */,
			);
			path = OnBoarding;
			sourceTree = "<group>";
		};
		394E962D248E7DE3009F640E /* MyHealth */ = {
			isa = PBXGroup;
			children = (
				394E962E248E7F24009F640E /* MyHealth.storyboard */,
				6DF6ECD7248FBEC2007EAA40 /* MyHealthViewController.swift */,
				399CA87C24912B96000B6BF4 /* MyHealthReported.storyboard */,
				399CA88024913B0E000B6BF4 /* MyHealthReportedViewController.swift */,
			);
			path = MyHealth;
			sourceTree = "<group>";
		};
		6DA18CB92491053700BE8AAB /* Components */ = {
			isa = PBXGroup;
			children = (
				6DA18CBA2491055D00BE8AAB /* BackgroundView.swift */,
				6DA18CC52492044E00BE8AAB /* Alert.swift */,
			);
			path = Components;
			sourceTree = "<group>";
		};
		6DA18CBE24916B1800BE8AAB /* Exposition */ = {
			isa = PBXGroup;
			children = (
				6DA18CBF24916B3300BE8AAB /* Exposition.storyboard */,
				6DA18CC124916B4100BE8AAB /* ExpositionViewController.swift */,
			);
			path = Exposition;
			sourceTree = "<group>";
		};
		6DF6EC97248E5987007EAA40 /* Terms */ = {
			isa = PBXGroup;
			children = (
				6DF6EC98248E59C6007EAA40 /* Terms.storyboard */,
				6DF6EC9A248E5C77007EAA40 /* TermsViewController.swift */,
				6DF6ECA0248E6191007EAA40 /* RunningViewController.xib */,
				6DF6ECA2248E61E0007EAA40 /* PrivacyViewController.xib */,
				6DF6ECB4248EAC7F007EAA40 /* RunningViewController.swift */,
				6DF6ECB6248EACD7007EAA40 /* PrivacyViewController.swift */,
				6DF6ECB8248F5E56007EAA40 /* ProximityViewController.swift */,
				6DF6ECB9248F5E56007EAA40 /* ProximityViewController.xib */,
				6DF6ECBC248F604D007EAA40 /* RecomendationsViewController.swift */,
				6DF6ECBD248F604D007EAA40 /* RecomendationsViewController.xib */,
			);
			path = Terms;
			sourceTree = "<group>";
		};
		6DF6ECAE248E88B9007EAA40 /* Domain */ = {
			isa = PBXGroup;
			children = (
				6DF6ECD9248FD625007EAA40 /* Model */,
				6DF6ECAF248E88E6007EAA40 /* OnBoardingCompletedUseCase.swift */,
				6DF6ECDA248FD641007EAA40 /* ExpositionUseCase.swift */,
				6DF6ECE12490B83E007EAA40 /* BluetoothUseCase.swift */,
				6DA18CC32491733900BE8AAB /* RadarStatusUseCase.swift */,
			);
			path = Domain;
			sourceTree = "<group>";
		};
		6DF6ECC0248F68B2007EAA40 /* Home */ = {
			isa = PBXGroup;
			children = (
				6DF6ECC1248F68DF007EAA40 /* Home.storyboard */,
				6DF6ECC3248F691E007EAA40 /* HomeViewController.swift */,
			);
			path = Home;
			sourceTree = "<group>";
		};
		6DF6ECC5248F6EBE007EAA40 /* Data */ = {
			isa = PBXGroup;
			children = (
				6DF6ECE32490C1DF007EAA40 /* Handler */,
				6DF6ECC6248F6F36007EAA40 /* Repository */,
			);
			path = Data;
			sourceTree = "<group>";
		};
		6DF6ECC6248F6F36007EAA40 /* Repository */ = {
			isa = PBXGroup;
			children = (
				6DF6ECC7248F70DF007EAA40 /* PreferencesRepository.swift */,
			);
			path = Repository;
			sourceTree = "<group>";
		};
		6DF6ECCD248FA01E007EAA40 /* MyData */ = {
			isa = PBXGroup;
			children = (
				6DF6ECCE248FA032007EAA40 /* MyData.storyboard */,
				6DF6ECD0248FA044007EAA40 /* MyDataViewController.swift */,
			);
			path = MyData;
			sourceTree = "<group>";
		};
		6DF6ECD2248FA091007EAA40 /* HelpLine */ = {
			isa = PBXGroup;
			children = (
				6DF6ECD3248FA0B3007EAA40 /* HelpLine.storyboard */,
				6DF6ECD5248FA0D0007EAA40 /* HelpLineViewController.swift */,
			);
			path = HelpLine;
			sourceTree = "<group>";
		};
		6DF6ECD9248FD625007EAA40 /* Model */ = {
			isa = PBXGroup;
			children = (
				6DF6ECDF248FD772007EAA40 /* ExpositionInfo.swift */,
			);
			path = Model;
			sourceTree = "<group>";
		};
		6DF6ECE32490C1DF007EAA40 /* Handler */ = {
			isa = PBXGroup;
			children = (
				6DF6ECE42490C1F5007EAA40 /* BluetoothHandler.swift */,
			);
			path = Handler;
			sourceTree = "<group>";
		};
		A9352EC1087188BECA794383 /* Frameworks */ = {
			isa = PBXGroup;
			children = (
			);
			name = Frameworks;
			sourceTree = "<group>";
		};
/* End PBXGroup section */

/* Begin PBXNativeTarget section */
		39443285248939F000FF0217 /* Covid Pilot */ = {
			isa = PBXNativeTarget;
			buildConfigurationList = 3944329A248939F500FF0217 /* Build configuration list for PBXNativeTarget "Covid Pilot" */;
			buildPhases = (
				39443282248939F000FF0217 /* Sources */,
				39443283248939F000FF0217 /* Frameworks */,
				39443284248939F000FF0217 /* Resources */,
			);
			buildRules = (
			);
			dependencies = (
			);
			name = "Covid Pilot";
			packageProductDependencies = (
				6DF6ECA7248E7453007EAA40 /* Swinject */,
				6DF6ECB2248EAA65007EAA40 /* Pageboy */,
				6DF6ECDD248FD751007EAA40 /* RxSwift */,
			);
			productName = "Covid Pilot";
			productReference = 39443286248939F000FF0217 /* Covid Pilot.app */;
			productType = "com.apple.product-type.application";
		};
/* End PBXNativeTarget section */

/* Begin PBXProject section */
		3944327E248939F000FF0217 /* Project object */ = {
			isa = PBXProject;
			attributes = {
				LastSwiftUpdateCheck = 1150;
				LastUpgradeCheck = 1150;
				ORGANIZATIONNAME = Indra;
				TargetAttributes = {
					39443285248939F000FF0217 = {
						CreatedOnToolsVersion = 11.5;
					};
				};
			};
			buildConfigurationList = 39443281248939F000FF0217 /* Build configuration list for PBXProject "Covid Pilot" */;
			compatibilityVersion = "Xcode 9.3";
			developmentRegion = en;
			hasScannedForEncodings = 0;
			knownRegions = (
				en,
				Base,
			);
			mainGroup = 3944327D248939F000FF0217;
			packageReferences = (
				6DF6ECA6248E7453007EAA40 /* XCRemoteSwiftPackageReference "Swinject" */,
				6DF6ECB1248EAA65007EAA40 /* XCRemoteSwiftPackageReference "Pageboy" */,
				6DF6ECDC248FD751007EAA40 /* XCRemoteSwiftPackageReference "RxSwift" */,
			);
			productRefGroup = 39443287248939F000FF0217 /* Products */;
			projectDirPath = "";
			projectRoot = "";
			targets = (
				39443285248939F000FF0217 /* Covid Pilot */,
			);
		};
/* End PBXProject section */

/* Begin PBXResourcesBuildPhase section */
		39443284248939F000FF0217 /* Resources */ = {
			isa = PBXResourcesBuildPhase;
			buildActionMask = 2147483647;
			files = (
				6DF6ECBB248F5E56007EAA40 /* ProximityViewController.xib in Resources */,
				6DF6ECC2248F68DF007EAA40 /* Home.storyboard in Resources */,
				6DA18CC024916B3300BE8AAB /* Exposition.storyboard in Resources */,
				39443296248939F500FF0217 /* LaunchScreen.storyboard in Resources */,
				6DF6ECD4248FA0B3007EAA40 /* HelpLine.storyboard in Resources */,
				6DF6EC99248E59C6007EAA40 /* Terms.storyboard in Resources */,
				6DF6ECCF248FA032007EAA40 /* MyData.storyboard in Resources */,
				399CA87D24912B96000B6BF4 /* MyHealthReported.storyboard in Resources */,
				6DF6ECBF248F604D007EAA40 /* RecomendationsViewController.xib in Resources */,
				394E962F248E7F25009F640E /* MyHealth.storyboard in Resources */,
				39443293248939F500FF0217 /* Assets.xcassets in Resources */,
				394E962C248E3F6E009F640E /* OnBoarding.storyboard in Resources */,
				6DF6ECA1248E6191007EAA40 /* RunningViewController.xib in Resources */,
				6DF6ECA3248E61E0007EAA40 /* PrivacyViewController.xib in Resources */,
			);
			runOnlyForDeploymentPostprocessing = 0;
		};
/* End PBXResourcesBuildPhase section */

/* Begin PBXSourcesBuildPhase section */
		39443282248939F000FF0217 /* Sources */ = {
			isa = PBXSourcesBuildPhase;
			buildActionMask = 2147483647;
			files = (
				3944328E248939F000FF0217 /* ViewController.swift in Sources */,
				6DA18CBB2491055D00BE8AAB /* BackgroundView.swift in Sources */,
				6DF6ECE52490C1F5007EAA40 /* BluetoothHandler.swift in Sources */,
				3944328A248939F000FF0217 /* AppDelegate.swift in Sources */,
				6DF6EC9B248E5C77007EAA40 /* TermsViewController.swift in Sources */,
				6DF6ECCC248F9A71007EAA40 /* TabBarController.swift in Sources */,
				6DF6ECD1248FA044007EAA40 /* MyDataViewController.swift in Sources */,
				6DF6ECAA248E7621007EAA40 /* AppRouter.swift in Sources */,
				6DF6ECB0248E88E6007EAA40 /* OnBoardingCompletedUseCase.swift in Sources */,
				6DF6ECD6248FA0D0007EAA40 /* HelpLineViewController.swift in Sources */,
				6DA18CC224916B4100BE8AAB /* ExpositionViewController.swift in Sources */,
				6DF6ECDB248FD641007EAA40 /* ExpositionUseCase.swift in Sources */,
				6DA18CC42491733900BE8AAB /* RadarStatusUseCase.swift in Sources */,
				6DF6ECE0248FD772007EAA40 /* ExpositionInfo.swift in Sources */,
				6DF6ECB7248EACD7007EAA40 /* PrivacyViewController.swift in Sources */,
				6DF6ECBA248F5E56007EAA40 /* ProximityViewController.swift in Sources */,
				6DF6ECAC248E79C1007EAA40 /* Injection.swift in Sources */,
				6DF6ECB5248EAC7F007EAA40 /* RunningViewController.swift in Sources */,
				6DA18CC62492044E00BE8AAB /* Alert.swift in Sources */,
				6DF6ECD8248FBEC2007EAA40 /* MyHealthViewController.swift in Sources */,
				6DF6ECCA248F743B007EAA40 /* OnBoardingViewController.swift in Sources */,
				6DF6ECC8248F70DF007EAA40 /* PreferencesRepository.swift in Sources */,
				3944328C248939F000FF0217 /* SceneDelegate.swift in Sources */,
				399CA88124913B0E000B6BF4 /* MyHealthReportedViewController.swift in Sources */,
				6DF6ECBE248F604D007EAA40 /* RecomendationsViewController.swift in Sources */,
				6DF6ECE22490B83E007EAA40 /* BluetoothUseCase.swift in Sources */,
				6DF6ECC4248F691E007EAA40 /* HomeViewController.swift in Sources */,
			);
			runOnlyForDeploymentPostprocessing = 0;
		};
/* End PBXSourcesBuildPhase section */

/* Begin PBXVariantGroup section */
		39443294248939F500FF0217 /* LaunchScreen.storyboard */ = {
			isa = PBXVariantGroup;
			children = (
				39443295248939F500FF0217 /* Base */,
			);
			name = LaunchScreen.storyboard;
			sourceTree = "<group>";
		};
/* End PBXVariantGroup section */

/* Begin XCBuildConfiguration section */
		39443298248939F500FF0217 /* Debug */ = {
			isa = XCBuildConfiguration;
			buildSettings = {
				ALWAYS_SEARCH_USER_PATHS = NO;
				CLANG_ANALYZER_NONNULL = YES;
				CLANG_ANALYZER_NUMBER_OBJECT_CONVERSION = YES_AGGRESSIVE;
				CLANG_CXX_LANGUAGE_STANDARD = "gnu++14";
				CLANG_CXX_LIBRARY = "libc++";
				CLANG_ENABLE_MODULES = YES;
				CLANG_ENABLE_OBJC_ARC = YES;
				CLANG_ENABLE_OBJC_WEAK = YES;
				CLANG_WARN_BLOCK_CAPTURE_AUTORELEASING = YES;
				CLANG_WARN_BOOL_CONVERSION = YES;
				CLANG_WARN_COMMA = YES;
				CLANG_WARN_CONSTANT_CONVERSION = YES;
				CLANG_WARN_DEPRECATED_OBJC_IMPLEMENTATIONS = YES;
				CLANG_WARN_DIRECT_OBJC_ISA_USAGE = YES_ERROR;
				CLANG_WARN_DOCUMENTATION_COMMENTS = YES;
				CLANG_WARN_EMPTY_BODY = YES;
				CLANG_WARN_ENUM_CONVERSION = YES;
				CLANG_WARN_INFINITE_RECURSION = YES;
				CLANG_WARN_INT_CONVERSION = YES;
				CLANG_WARN_NON_LITERAL_NULL_CONVERSION = YES;
				CLANG_WARN_OBJC_IMPLICIT_RETAIN_SELF = YES;
				CLANG_WARN_OBJC_LITERAL_CONVERSION = YES;
				CLANG_WARN_OBJC_ROOT_CLASS = YES_ERROR;
				CLANG_WARN_RANGE_LOOP_ANALYSIS = YES;
				CLANG_WARN_STRICT_PROTOTYPES = YES;
				CLANG_WARN_SUSPICIOUS_MOVE = YES;
				CLANG_WARN_UNGUARDED_AVAILABILITY = YES_AGGRESSIVE;
				CLANG_WARN_UNREACHABLE_CODE = YES;
				CLANG_WARN__DUPLICATE_METHOD_MATCH = YES;
				COPY_PHASE_STRIP = NO;
				DEBUG_INFORMATION_FORMAT = dwarf;
				ENABLE_STRICT_OBJC_MSGSEND = YES;
				ENABLE_TESTABILITY = YES;
				GCC_C_LANGUAGE_STANDARD = gnu11;
				GCC_DYNAMIC_NO_PIC = NO;
				GCC_NO_COMMON_BLOCKS = YES;
				GCC_OPTIMIZATION_LEVEL = 0;
				GCC_PREPROCESSOR_DEFINITIONS = (
					"DEBUG=1",
					"$(inherited)",
				);
				GCC_WARN_64_TO_32_BIT_CONVERSION = YES;
				GCC_WARN_ABOUT_RETURN_TYPE = YES_ERROR;
				GCC_WARN_UNDECLARED_SELECTOR = YES;
				GCC_WARN_UNINITIALIZED_AUTOS = YES_AGGRESSIVE;
				GCC_WARN_UNUSED_FUNCTION = YES;
				GCC_WARN_UNUSED_VARIABLE = YES;
				IPHONEOS_DEPLOYMENT_TARGET = 13.5;
				MTL_ENABLE_DEBUG_INFO = INCLUDE_SOURCE;
				MTL_FAST_MATH = YES;
				ONLY_ACTIVE_ARCH = YES;
				SDKROOT = iphoneos;
				SWIFT_ACTIVE_COMPILATION_CONDITIONS = DEBUG;
				SWIFT_OPTIMIZATION_LEVEL = "-Onone";
			};
			name = Debug;
		};
		39443299248939F500FF0217 /* Release */ = {
			isa = XCBuildConfiguration;
			buildSettings = {
				ALWAYS_SEARCH_USER_PATHS = NO;
				CLANG_ANALYZER_NONNULL = YES;
				CLANG_ANALYZER_NUMBER_OBJECT_CONVERSION = YES_AGGRESSIVE;
				CLANG_CXX_LANGUAGE_STANDARD = "gnu++14";
				CLANG_CXX_LIBRARY = "libc++";
				CLANG_ENABLE_MODULES = YES;
				CLANG_ENABLE_OBJC_ARC = YES;
				CLANG_ENABLE_OBJC_WEAK = YES;
				CLANG_WARN_BLOCK_CAPTURE_AUTORELEASING = YES;
				CLANG_WARN_BOOL_CONVERSION = YES;
				CLANG_WARN_COMMA = YES;
				CLANG_WARN_CONSTANT_CONVERSION = YES;
				CLANG_WARN_DEPRECATED_OBJC_IMPLEMENTATIONS = YES;
				CLANG_WARN_DIRECT_OBJC_ISA_USAGE = YES_ERROR;
				CLANG_WARN_DOCUMENTATION_COMMENTS = YES;
				CLANG_WARN_EMPTY_BODY = YES;
				CLANG_WARN_ENUM_CONVERSION = YES;
				CLANG_WARN_INFINITE_RECURSION = YES;
				CLANG_WARN_INT_CONVERSION = YES;
				CLANG_WARN_NON_LITERAL_NULL_CONVERSION = YES;
				CLANG_WARN_OBJC_IMPLICIT_RETAIN_SELF = YES;
				CLANG_WARN_OBJC_LITERAL_CONVERSION = YES;
				CLANG_WARN_OBJC_ROOT_CLASS = YES_ERROR;
				CLANG_WARN_RANGE_LOOP_ANALYSIS = YES;
				CLANG_WARN_STRICT_PROTOTYPES = YES;
				CLANG_WARN_SUSPICIOUS_MOVE = YES;
				CLANG_WARN_UNGUARDED_AVAILABILITY = YES_AGGRESSIVE;
				CLANG_WARN_UNREACHABLE_CODE = YES;
				CLANG_WARN__DUPLICATE_METHOD_MATCH = YES;
				COPY_PHASE_STRIP = NO;
				DEBUG_INFORMATION_FORMAT = "dwarf-with-dsym";
				ENABLE_NS_ASSERTIONS = NO;
				ENABLE_STRICT_OBJC_MSGSEND = YES;
				GCC_C_LANGUAGE_STANDARD = gnu11;
				GCC_NO_COMMON_BLOCKS = YES;
				GCC_WARN_64_TO_32_BIT_CONVERSION = YES;
				GCC_WARN_ABOUT_RETURN_TYPE = YES_ERROR;
				GCC_WARN_UNDECLARED_SELECTOR = YES;
				GCC_WARN_UNINITIALIZED_AUTOS = YES_AGGRESSIVE;
				GCC_WARN_UNUSED_FUNCTION = YES;
				GCC_WARN_UNUSED_VARIABLE = YES;
				IPHONEOS_DEPLOYMENT_TARGET = 13.5;
				MTL_ENABLE_DEBUG_INFO = NO;
				MTL_FAST_MATH = YES;
				SDKROOT = iphoneos;
				SWIFT_COMPILATION_MODE = wholemodule;
				SWIFT_OPTIMIZATION_LEVEL = "-O";
				VALIDATE_PRODUCT = YES;
			};
			name = Release;
		};
		3944329B248939F500FF0217 /* Debug */ = {
			isa = XCBuildConfiguration;
			buildSettings = {
				ASSETCATALOG_COMPILER_APPICON_NAME = AppIcon;
				CODE_SIGN_IDENTITY = "iPhone Developer";
				CODE_SIGN_STYLE = Manual;
				DEVELOPMENT_TEAM = 2H36E8KFN2;
				INFOPLIST_FILE = "Covid Pilot/Info.plist";
				LD_RUNPATH_SEARCH_PATHS = (
					"$(inherited)",
					"@executable_path/Frameworks",
				);
				PRODUCT_BUNDLE_IDENTIFIER = com.indra.covidpilot;
				PRODUCT_NAME = "$(TARGET_NAME)";
				PROVISIONING_PROFILE_SPECIFIER = linoDeveloperGOB;
				SWIFT_VERSION = 5.0;
				TARGETED_DEVICE_FAMILY = 1;
			};
			name = Debug;
		};
		3944329C248939F500FF0217 /* Release */ = {
			isa = XCBuildConfiguration;
			buildSettings = {
				ASSETCATALOG_COMPILER_APPICON_NAME = AppIcon;
				CODE_SIGN_IDENTITY = "iPhone Developer";
				CODE_SIGN_STYLE = Manual;
				DEVELOPMENT_TEAM = 2H36E8KFN2;
				INFOPLIST_FILE = "Covid Pilot/Info.plist";
				LD_RUNPATH_SEARCH_PATHS = (
					"$(inherited)",
					"@executable_path/Frameworks",
				);
				PRODUCT_BUNDLE_IDENTIFIER = com.indra.covidpilot;
				PRODUCT_NAME = "$(TARGET_NAME)";
				PROVISIONING_PROFILE_SPECIFIER = linoDeveloperGOB;
				SWIFT_VERSION = 5.0;
				TARGETED_DEVICE_FAMILY = 1;
			};
			name = Release;
		};
/* End XCBuildConfiguration section */

/* Begin XCConfigurationList section */
		39443281248939F000FF0217 /* Build configuration list for PBXProject "Covid Pilot" */ = {
			isa = XCConfigurationList;
			buildConfigurations = (
				39443298248939F500FF0217 /* Debug */,
				39443299248939F500FF0217 /* Release */,
			);
			defaultConfigurationIsVisible = 0;
			defaultConfigurationName = Release;
		};
		3944329A248939F500FF0217 /* Build configuration list for PBXNativeTarget "Covid Pilot" */ = {
			isa = XCConfigurationList;
			buildConfigurations = (
				3944329B248939F500FF0217 /* Debug */,
				3944329C248939F500FF0217 /* Release */,
			);
			defaultConfigurationIsVisible = 0;
			defaultConfigurationName = Release;
		};
/* End XCConfigurationList section */

/* Begin XCRemoteSwiftPackageReference section */
		6DF6ECA6248E7453007EAA40 /* XCRemoteSwiftPackageReference "Swinject" */ = {
			isa = XCRemoteSwiftPackageReference;
			repositoryURL = "https://github.com/Swinject/Swinject";
			requirement = {
				kind = exactVersion;
				version = 2.7.1;
			};
		};
		6DF6ECB1248EAA65007EAA40 /* XCRemoteSwiftPackageReference "Pageboy" */ = {
			isa = XCRemoteSwiftPackageReference;
			repositoryURL = "https://github.com/uias/Pageboy";
			requirement = {
				kind = exactVersion;
				version = 3.6.1;
			};
		};
		6DF6ECDC248FD751007EAA40 /* XCRemoteSwiftPackageReference "RxSwift" */ = {
			isa = XCRemoteSwiftPackageReference;
			repositoryURL = "https://github.com/ReactiveX/RxSwift";
			requirement = {
				kind = exactVersion;
				version = 5.1.1;
			};
		};
/* End XCRemoteSwiftPackageReference section */

/* Begin XCSwiftPackageProductDependency section */
		6DF6ECA7248E7453007EAA40 /* Swinject */ = {
			isa = XCSwiftPackageProductDependency;
			package = 6DF6ECA6248E7453007EAA40 /* XCRemoteSwiftPackageReference "Swinject" */;
			productName = Swinject;
		};
		6DF6ECB2248EAA65007EAA40 /* Pageboy */ = {
			isa = XCSwiftPackageProductDependency;
			package = 6DF6ECB1248EAA65007EAA40 /* XCRemoteSwiftPackageReference "Pageboy" */;
			productName = Pageboy;
		};
		6DF6ECDD248FD751007EAA40 /* RxSwift */ = {
			isa = XCSwiftPackageProductDependency;
			package = 6DF6ECDC248FD751007EAA40 /* XCRemoteSwiftPackageReference "RxSwift" */;
			productName = RxSwift;
		};
/* End XCSwiftPackageProductDependency section */
	};
	rootObject = 3944327E248939F000FF0217 /* Project object */;
}
